
Microsoft Visual Studio Solution File, Format Version 11.00
# Visual Studio 2010
Project("{FAE04EC0-301F-11D3-BF4B-00C04F79EFBC}") = "Shot in the dark II", "Assembly-CSharp-firstpass.csproj", "{192883E3-4ADD-11DA-E698-95DA3CC87AC7}"
EndProject
Project("{FAE04EC0-301F-11D3-BF4B-00C04F79EFBC}") = "Shot in the dark II", "Assembly-CSharp.csproj", "{050597F0-94B1-47DD-3D5E-B48534C4C6B8}"
EndProject
Project("{FAE04EC0-301F-11D3-BF4B-00C04F79EFBC}") = "Shot in the dark II", "Assembly-CSharp-Editor-firstpass.csproj", "{A22ED283-3490-42AA-0C82-D4014B10637F}"
EndProject
Project("{FAE04EC0-301F-11D3-BF4B-00C04F79EFBC}") = "Shot in the dark II", "Assembly-CSharp-Editor.csproj", "{6F19EB56-1C38-6550-AA56-D3F3F1F23BA9}"
EndProject
Global
	GlobalSection(SolutionConfigurationPlatforms) = preSolution
		Debug|Any CPU = Debug|Any CPU
		Release|Any CPU = Release|Any CPU
	EndGlobalSection
	GlobalSection(ProjectConfigurationPlatforms) = postSolution
		{192883E3-4ADD-11DA-E698-95DA3CC87AC7}.Debug|Any CPU.ActiveCfg = Debug|Any CPU
		{192883E3-4ADD-11DA-E698-95DA3CC87AC7}.Debug|Any CPU.Build.0 = Debug|Any CPU
		{192883E3-4ADD-11DA-E698-95DA3CC87AC7}.Release|Any CPU.ActiveCfg = Release|Any CPU
		{192883E3-4ADD-11DA-E698-95DA3CC87AC7}.Release|Any CPU.Build.0 = Release|Any CPU
		{050597F0-94B1-47DD-3D5E-B48534C4C6B8}.Debug|Any CPU.ActiveCfg = Debug|Any CPU
		{050597F0-94B1-47DD-3D5E-B48534C4C6B8}.Debug|Any CPU.Build.0 = Debug|Any CPU
		{050597F0-94B1-47DD-3D5E-B48534C4C6B8}.Release|Any CPU.ActiveCfg = Release|Any CPU
		{050597F0-94B1-47DD-3D5E-B48534C4C6B8}.Release|Any CPU.Build.0 = Release|Any CPU
		{A22ED283-3490-42AA-0C82-D4014B10637F}.Debug|Any CPU.ActiveCfg = Debug|Any CPU
		{A22ED283-3490-42AA-0C82-D4014B10637F}.Debug|Any CPU.Build.0 = Debug|Any CPU
		{A22ED283-3490-42AA-0C82-D4014B10637F}.Release|Any CPU.ActiveCfg = Release|Any CPU
		{A22ED283-3490-42AA-0C82-D4014B10637F}.Release|Any CPU.Build.0 = Release|Any CPU
		{6F19EB56-1C38-6550-AA56-D3F3F1F23BA9}.Debug|Any CPU.ActiveCfg = Debug|Any CPU
		{6F19EB56-1C38-6550-AA56-D3F3F1F23BA9}.Debug|Any CPU.Build.0 = Debug|Any CPU
		{6F19EB56-1C38-6550-AA56-D3F3F1F23BA9}.Release|Any CPU.ActiveCfg = Release|Any CPU
		{6F19EB56-1C38-6550-AA56-D3F3F1F23BA9}.Release|Any CPU.Build.0 = Release|Any CPU
	EndGlobalSection
	GlobalSection(SolutionProperties) = preSolution
		HideSolutionNode = FALSE
	EndGlobalSection
	GlobalSection(MonoDevelopProperties) = preSolution
		StartupItem = Assembly-CSharp.csproj
	EndGlobalSection
EndGlobal
